
Microsoft Visual Studio Solution File, Format Version 12.00
# Visual Studio Version 17
VisualStudioVersion = 17.2.32630.192
MinimumVisualStudioVersion = 10.0.40219.1
Project("{FAE04EC0-301F-11D3-BF4B-00C04F79EFBC}") = "Budowa_aplikacji_ASP.NET_Core", "Budowa_aplikacji_ASP.NET_Core\Budowa_aplikacji_ASP.NET_Core.csproj", "{1B015B6C-025E-44EE-9336-8DF2F71F8171}"
EndProject
Global
	GlobalSection(SolutionConfigurationPlatforms) = preSolution
		Debug|Any CPU = Debug|Any CPU
		Release|Any CPU = Release|Any CPU
	EndGlobalSection
	GlobalSection(ProjectConfigurationPlatforms) = postSolution
		{1B015B6C-025E-44EE-9336-8DF2F71F8171}.Debug|Any CPU.ActiveCfg = Debug|Any CPU
		{1B015B6C-025E-44EE-9336-8DF2F71F8171}.Debug|Any CPU.Build.0 = Debug|Any CPU
		{1B015B6C-025E-44EE-9336-8DF2F71F8171}.Release|Any CPU.ActiveCfg = Release|Any CPU
		{1B015B6C-025E-44EE-9336-8DF2F71F8171}.Release|Any CPU.Build.0 = Release|Any CPU
	EndGlobalSection
	GlobalSection(SolutionProperties) = preSolution
		HideSolutionNode = FALSE
	EndGlobalSection
	GlobalSection(ExtensibilityGlobals) = postSolution
		SolutionGuid = {C67721D7-EAFD-45A5-B483-1F88F4437B8D}
	EndGlobalSection
EndGlobal
